
Microsoft Visual Studio Solution File, Format Version 11.00
# Visual Studio 2010
Project("{FAE04EC0-301F-11D3-BF4B-00C04F79EFBC}") = "iron_cache_dotnet", "iron_cache_dotnet\iron_cache_dotnet.csproj", "{5B8147FC-294F-407E-83E4-F2DCDE54E810}"
EndProject
Project("{FAE04EC0-301F-11D3-BF4B-00C04F79EFBC}") = "iron_cache_testing", "iron_cache_testing\iron_cache_testing.csproj", "{6048D981-D9EF-4FAE-8FE6-88F42EA3B382}"
EndProject
Global
	GlobalSection(SolutionConfigurationPlatforms) = preSolution
		Debug|Any CPU = Debug|Any CPU
		Release|Any CPU = Release|Any CPU
	EndGlobalSection
	GlobalSection(ProjectConfigurationPlatforms) = postSolution
		{5B8147FC-294F-407E-83E4-F2DCDE54E810}.Debug|Any CPU.ActiveCfg = Debug|Any CPU
		{5B8147FC-294F-407E-83E4-F2DCDE54E810}.Debug|Any CPU.Build.0 = Debug|Any CPU
		{5B8147FC-294F-407E-83E4-F2DCDE54E810}.Release|Any CPU.ActiveCfg = Release|Any CPU
		{5B8147FC-294F-407E-83E4-F2DCDE54E810}.Release|Any CPU.Build.0 = Release|Any CPU
		{6048D981-D9EF-4FAE-8FE6-88F42EA3B382}.Debug|Any CPU.ActiveCfg = Debug|Any CPU
		{6048D981-D9EF-4FAE-8FE6-88F42EA3B382}.Debug|Any CPU.Build.0 = Debug|Any CPU
		{6048D981-D9EF-4FAE-8FE6-88F42EA3B382}.Release|Any CPU.ActiveCfg = Release|Any CPU
		{6048D981-D9EF-4FAE-8FE6-88F42EA3B382}.Release|Any CPU.Build.0 = Release|Any CPU
	EndGlobalSection
	GlobalSection(SolutionProperties) = preSolution
		HideSolutionNode = FALSE
	EndGlobalSection
EndGlobal
